
Microsoft Visual Studio Solution File, Format Version 12.00
# Visual Studio Version 16
VisualStudioVersion = 16.0.30503.244
MinimumVisualStudioVersion = 10.0.40219.1
Project("{FAE04EC0-301F-11D3-BF4B-00C04F79EFBC}") = "Subscriber", "Subscriber\Subscriber.csproj", "{492DA0E2-FAFC-4074-B23A-78795C522567}"
EndProject
Project("{FAE04EC0-301F-11D3-BF4B-00C04F79EFBC}") = "Publisher", "Publisher\Publisher.csproj", "{CEDD6F68-681C-4984-852D-AA27FE5E195D}"
EndProject
Global
	GlobalSection(SolutionConfigurationPlatforms) = preSolution
		Debug|Any CPU = Debug|Any CPU
		Release|Any CPU = Release|Any CPU
	EndGlobalSection
	GlobalSection(ProjectConfigurationPlatforms) = postSolution
		{492DA0E2-FAFC-4074-B23A-78795C522567}.Debug|Any CPU.ActiveCfg = Debug|Any CPU
		{492DA0E2-FAFC-4074-B23A-78795C522567}.Debug|Any CPU.Build.0 = Debug|Any CPU
		{492DA0E2-FAFC-4074-B23A-78795C522567}.Release|Any CPU.ActiveCfg = Release|Any CPU
		{492DA0E2-FAFC-4074-B23A-78795C522567}.Release|Any CPU.Build.0 = Release|Any CPU
		{CEDD6F68-681C-4984-852D-AA27FE5E195D}.Debug|Any CPU.ActiveCfg = Debug|Any CPU
		{CEDD6F68-681C-4984-852D-AA27FE5E195D}.Debug|Any CPU.Build.0 = Debug|Any CPU
		{CEDD6F68-681C-4984-852D-AA27FE5E195D}.Release|Any CPU.ActiveCfg = Release|Any CPU
		{CEDD6F68-681C-4984-852D-AA27FE5E195D}.Release|Any CPU.Build.0 = Release|Any CPU
	EndGlobalSection
	GlobalSection(SolutionProperties) = preSolution
		HideSolutionNode = FALSE
	EndGlobalSection
	GlobalSection(ExtensibilityGlobals) = postSolution
		SolutionGuid = {B64C1510-E999-4275-8065-73C7BDAD9568}
	EndGlobalSection
EndGlobal
